
Microsoft Visual Studio Solution File, Format Version 12.00
# Visual Studio Version 16
VisualStudioVersion = 16.0.29424.173
MinimumVisualStudioVersion = 10.0.40219.1
Project("{FAE04EC0-301F-11D3-BF4B-00C04F79EFBC}") = "BeepWatcher", "BeepWatcher.csproj", "{A745FD72-6538-4FFF-98D1-9C4EDA9D8CB8}"
EndProject
Global
	GlobalSection(SolutionConfigurationPlatforms) = preSolution
		Debug|Any CPU = Debug|Any CPU
		Release|Any CPU = Release|Any CPU
	EndGlobalSection
	GlobalSection(ProjectConfigurationPlatforms) = postSolution
		{A745FD72-6538-4FFF-98D1-9C4EDA9D8CB8}.Debug|Any CPU.ActiveCfg = Debug|Any CPU
		{A745FD72-6538-4FFF-98D1-9C4EDA9D8CB8}.Debug|Any CPU.Build.0 = Debug|Any CPU
		{A745FD72-6538-4FFF-98D1-9C4EDA9D8CB8}.Release|Any CPU.ActiveCfg = Release|Any CPU
		{A745FD72-6538-4FFF-98D1-9C4EDA9D8CB8}.Release|Any CPU.Build.0 = Release|Any CPU
	EndGlobalSection
	GlobalSection(SolutionProperties) = preSolution
		HideSolutionNode = FALSE
	EndGlobalSection
	GlobalSection(ExtensibilityGlobals) = postSolution
		SolutionGuid = {28C75B51-FF4B-4F57-83D9-8F4B20EE47BF}
	EndGlobalSection
EndGlobal
